<?xml version="1.0" encoding="utf-8"?>
<Project ToolsVersion="4.0" xmlns="http://schemas.microsoft.com/developer/msbuild/2003">
  <ItemGroup>
    <Filter Include="Source Files">
      <UniqueIdentifier>{4FC737F1-C7A5-4376-A066-2A32D752A2FF}</UniqueIdentifier>
      <Extensions>cpp;c;cc;cxx;def;odl;idl;hpj;bat;asm;asmx</Extensions>
    </Filter>
    <Filter Include="Header Files">
      <UniqueIdentifier>{93995380-89BD-4b04-88EB-625FBE52EBFB}</UniqueIdentifier>
      <Extensions>h;hh;hpp;hxx;hm;inl;inc;xsd</Extensions>
    </Filter>
    <Filter Include="Resource Files">
      <UniqueIdentifier>{67DA6AB6-F800-4c08-8B7A-83BB121AAD01}</UniqueIdentifier>
      <Extensions>rc;ico;cur;bmp;dlg;rc2;rct;bin;rgs;gif;jpg;jpeg;jpe;resx;tiff;tif;png;wav;mfcribbon-ms</Extensions>
    </Filter>
    <Filter Include="Source Files\Circle Detection">
      <UniqueIdentifier>{5a0982d4-5713-4f03-b83c-d3ea8722ca50}</UniqueIdentifier>
    </Filter>
    <Filter Include="Source Files\OpenCV Test">
      <UniqueIdentifier>{d28dc1d2-76c9-4e27-9805-9af6ea92ca47}</UniqueIdentifier>
    </Filter>
    <Filter Include="Source Files\Wall Detection">
      <UniqueIdentifier>{8e0e9ab0-69bb-401b-8916-fcc223bfad90}</UniqueIdentifier>
    </Filter>
    <Filter Include="Source Files\Visual Control System">
      <UniqueIdentifier>{e0dc7bf6-11df-47e6-8c68-67d5f7a53a14}</UniqueIdentifier>
    </Filter>
  </ItemGroup>
  <ItemGroup>
    <ClCompile Include="..\..\..\..\..\..\..\..\opencv\sources\samples\cpp\watershed.cpp">
      <Filter>Source Files</Filter>
    </ClCompile>
    <ClCompile Include="Shape_Detection.cpp">
      <Filter>Source Files\Circle Detection</Filter>
    </ClCompile>
    <ClCompile Include="Video_Tracking.cpp">
      <Filter>Source Files\Circle Detection</Filter>
    </ClCompile>
    <ClCompile Include="OpenCV Test.cpp">
      <Filter>Source Files\OpenCV Test</Filter>
    </ClCompile>
    <ClCompile Include="Canny_Edge.cpp">
      <Filter>Source Files\OpenCV Test</Filter>
    </ClCompile>
    <ClCompile Include="Line_Detection.cpp">
      <Filter>Source Files\Wall Detection</Filter>
    </ClCompile>
    <ClCompile Include="Offset.cpp">
      <Filter>Source Files\Visual Control System</Filter>
    </ClCompile>
    <ClCompile Include="..\..\..\..\CVctrl.cpp">
      <Filter>Source Files\Visual Control System</Filter>
    </ClCompile>
  </ItemGroup>
  <ItemGroup>
    <ClInclude Include="..\..\..\..\Shape_Detection.h">
      <Filter>Header Files</Filter>
    </ClInclude>
  </ItemGroup>
</Project>